
Microsoft Visual Studio Solution File, Format Version 12.00
# Visual Studio Version 17
VisualStudioVersion = 17.10.34928.147
MinimumVisualStudioVersion = 10.0.40219.1
Project("{8BC9CEB8-8B4A-11D0-8D11-00A0C91BC942}") = "01_Application_Basic", "01_Application_Basic\01_Application_Basic.vcxproj", "{2081686E-E05C-4E48-9D3B-88ABB3A20CF4}"
EndProject
Project("{8BC9CEB8-8B4A-11D0-8D11-00A0C91BC942}") = "Engine", "Engine\Engine.vcxproj", "{61BE5AAC-7CEE-4B10-B44D-6A78D39622DB}"
EndProject
Project("{8BC9CEB8-8B4A-11D0-8D11-00A0C91BC942}") = "02_SolarSystem", "02_SolarSystem\02_SolarSystem.vcxproj", "{92951006-D035-4025-ABAB-220F0AF09393}"
EndProject
Project("{8BC9CEB8-8B4A-11D0-8D11-00A0C91BC942}") = "03_Lighting_Lambertian", "03_Lighting_Lambertian\03_Lighting_Lambertian.vcxproj", "{C51FAFCF-B09D-4E8A-84B7-6784D6FE7928}"
EndProject
Project("{8BC9CEB8-8B4A-11D0-8D11-00A0C91BC942}") = "04_Lighting_BlinnPhong", "04_Lighting_BlinnPhong\04_Lighting_BlinnPhong.vcxproj", "{AE3E799F-317A-4AFC-A3BD-61BAADA0A2B5}"
EndProject
Project("{8BC9CEB8-8B4A-11D0-8D11-00A0C91BC942}") = "05_NormalMap", "05_NormalMap\05_NormalMap.vcxproj", "{F241A5AB-AA9C-4DFB-A7DA-876BDBFCDE2F}"
EndProject
Project("{8BC9CEB8-8B4A-11D0-8D11-00A0C91BC942}") = "06_FBXLoading", "06_FBXLoading\06_FBXLoading.vcxproj", "{0FA01DCC-91E7-4AD8-B47D-FC3FCDD8A982}"
EndProject
Global
	GlobalSection(SolutionConfigurationPlatforms) = preSolution
		Debug|x64 = Debug|x64
		Debug|x86 = Debug|x86
		Release|x64 = Release|x64
		Release|x86 = Release|x86
	EndGlobalSection
	GlobalSection(ProjectConfigurationPlatforms) = postSolution
		{2081686E-E05C-4E48-9D3B-88ABB3A20CF4}.Debug|x64.ActiveCfg = Debug|x64
		{2081686E-E05C-4E48-9D3B-88ABB3A20CF4}.Debug|x64.Build.0 = Debug|x64
		{2081686E-E05C-4E48-9D3B-88ABB3A20CF4}.Debug|x86.ActiveCfg = Debug|Win32
		{2081686E-E05C-4E48-9D3B-88ABB3A20CF4}.Debug|x86.Build.0 = Debug|Win32
		{2081686E-E05C-4E48-9D3B-88ABB3A20CF4}.Release|x64.ActiveCfg = Release|x64
		{2081686E-E05C-4E48-9D3B-88ABB3A20CF4}.Release|x64.Build.0 = Release|x64
		{2081686E-E05C-4E48-9D3B-88ABB3A20CF4}.Release|x86.ActiveCfg = Release|Win32
		{2081686E-E05C-4E48-9D3B-88ABB3A20CF4}.Release|x86.Build.0 = Release|Win32
		{61BE5AAC-7CEE-4B10-B44D-6A78D39622DB}.Debug|x64.ActiveCfg = Debug|x64
		{61BE5AAC-7CEE-4B10-B44D-6A78D39622DB}.Debug|x64.Build.0 = Debug|x64
		{61BE5AAC-7CEE-4B10-B44D-6A78D39622DB}.Debug|x86.ActiveCfg = Debug|Win32
		{61BE5AAC-7CEE-4B10-B44D-6A78D39622DB}.Debug|x86.Build.0 = Debug|Win32
		{61BE5AAC-7CEE-4B10-B44D-6A78D39622DB}.Release|x64.ActiveCfg = Release|x64
		{61BE5AAC-7CEE-4B10-B44D-6A78D39622DB}.Release|x64.Build.0 = Release|x64
		{61BE5AAC-7CEE-4B10-B44D-6A78D39622DB}.Release|x86.ActiveCfg = Release|Win32
		{61BE5AAC-7CEE-4B10-B44D-6A78D39622DB}.Release|x86.Build.0 = Release|Win32
		{92951006-D035-4025-ABAB-220F0AF09393}.Debug|x64.ActiveCfg = Debug|x64
		{92951006-D035-4025-ABAB-220F0AF09393}.Debug|x64.Build.0 = Debug|x64
		{92951006-D035-4025-ABAB-220F0AF09393}.Debug|x86.ActiveCfg = Debug|Win32
		{92951006-D035-4025-ABAB-220F0AF09393}.Debug|x86.Build.0 = Debug|Win32
		{92951006-D035-4025-ABAB-220F0AF09393}.Release|x64.ActiveCfg = Release|x64
		{92951006-D035-4025-ABAB-220F0AF09393}.Release|x64.Build.0 = Release|x64
		{92951006-D035-4025-ABAB-220F0AF09393}.Release|x86.ActiveCfg = Release|Win32
		{92951006-D035-4025-ABAB-220F0AF09393}.Release|x86.Build.0 = Release|Win32
		{C51FAFCF-B09D-4E8A-84B7-6784D6FE7928}.Debug|x64.ActiveCfg = Debug|x64
		{C51FAFCF-B09D-4E8A-84B7-6784D6FE7928}.Debug|x64.Build.0 = Debug|x64
		{C51FAFCF-B09D-4E8A-84B7-6784D6FE7928}.Debug|x86.ActiveCfg = Debug|Win32
		{C51FAFCF-B09D-4E8A-84B7-6784D6FE7928}.Debug|x86.Build.0 = Debug|Win32
		{C51FAFCF-B09D-4E8A-84B7-6784D6FE7928}.Release|x64.ActiveCfg = Release|x64
		{C51FAFCF-B09D-4E8A-84B7-6784D6FE7928}.Release|x64.Build.0 = Release|x64
		{C51FAFCF-B09D-4E8A-84B7-6784D6FE7928}.Release|x86.ActiveCfg = Release|Win32
		{C51FAFCF-B09D-4E8A-84B7-6784D6FE7928}.Release|x86.Build.0 = Release|Win32
		{AE3E799F-317A-4AFC-A3BD-61BAADA0A2B5}.Debug|x64.ActiveCfg = Debug|x64
		{AE3E799F-317A-4AFC-A3BD-61BAADA0A2B5}.Debug|x64.Build.0 = Debug|x64
		{AE3E799F-317A-4AFC-A3BD-61BAADA0A2B5}.Debug|x86.ActiveCfg = Debug|Win32
		{AE3E799F-317A-4AFC-A3BD-61BAADA0A2B5}.Debug|x86.Build.0 = Debug|Win32
		{AE3E799F-317A-4AFC-A3BD-61BAADA0A2B5}.Release|x64.ActiveCfg = Release|x64
		{AE3E799F-317A-4AFC-A3BD-61BAADA0A2B5}.Release|x64.Build.0 = Release|x64
		{AE3E799F-317A-4AFC-A3BD-61BAADA0A2B5}.Release|x86.ActiveCfg = Release|Win32
		{AE3E799F-317A-4AFC-A3BD-61BAADA0A2B5}.Release|x86.Build.0 = Release|Win32
		{F241A5AB-AA9C-4DFB-A7DA-876BDBFCDE2F}.Debug|x64.ActiveCfg = Debug|x64
		{F241A5AB-AA9C-4DFB-A7DA-876BDBFCDE2F}.Debug|x64.Build.0 = Debug|x64
		{F241A5AB-AA9C-4DFB-A7DA-876BDBFCDE2F}.Debug|x86.ActiveCfg = Debug|Win32
		{F241A5AB-AA9C-4DFB-A7DA-876BDBFCDE2F}.Debug|x86.Build.0 = Debug|Win32
		{F241A5AB-AA9C-4DFB-A7DA-876BDBFCDE2F}.Release|x64.ActiveCfg = Release|x64
		{F241A5AB-AA9C-4DFB-A7DA-876BDBFCDE2F}.Release|x64.Build.0 = Release|x64
		{F241A5AB-AA9C-4DFB-A7DA-876BDBFCDE2F}.Release|x86.ActiveCfg = Release|Win32
		{F241A5AB-AA9C-4DFB-A7DA-876BDBFCDE2F}.Release|x86.Build.0 = Release|Win32
		{0FA01DCC-91E7-4AD8-B47D-FC3FCDD8A982}.Debug|x64.ActiveCfg = Debug|x64
		{0FA01DCC-91E7-4AD8-B47D-FC3FCDD8A982}.Debug|x64.Build.0 = Debug|x64
		{0FA01DCC-91E7-4AD8-B47D-FC3FCDD8A982}.Debug|x86.ActiveCfg = Debug|Win32
		{0FA01DCC-91E7-4AD8-B47D-FC3FCDD8A982}.Debug|x86.Build.0 = Debug|Win32
		{0FA01DCC-91E7-4AD8-B47D-FC3FCDD8A982}.Release|x64.ActiveCfg = Release|x64
		{0FA01DCC-91E7-4AD8-B47D-FC3FCDD8A982}.Release|x64.Build.0 = Release|x64
		{0FA01DCC-91E7-4AD8-B47D-FC3FCDD8A982}.Release|x86.ActiveCfg = Release|Win32
		{0FA01DCC-91E7-4AD8-B47D-FC3FCDD8A982}.Release|x86.Build.0 = Release|Win32
	EndGlobalSection
	GlobalSection(SolutionProperties) = preSolution
		HideSolutionNode = FALSE
	EndGlobalSection
	GlobalSection(ExtensibilityGlobals) = postSolution
		SolutionGuid = {E0881A2C-B77B-4EFA-8B84-08E500350C39}
	EndGlobalSection
EndGlobal
